// !$*UTF8*$!
{
	archiveVersion = 1;
	classes = {
	};
	objectVersion = 46;
	objects = {

/* Begin PBXBuildFile section */
		4949414B1DD61B01000F7A8E /* AppDelegate.swift in Sources */ = {isa = PBXBuildFile; fileRef = 4949414A1DD61B01000F7A8E /* AppDelegate.swift */; };
		4949414D1DD61B01000F7A8E /* ViewController.swift in Sources */ = {isa = PBXBuildFile; fileRef = 4949414C1DD61B01000F7A8E /* ViewController.swift */; };
		494941501DD61B01000F7A8E /* Main.storyboard in Resources */ = {isa = PBXBuildFile; fileRef = 4949414E1DD61B01000F7A8E /* Main.storyboard */; };
		494941521DD61B01000F7A8E /* Assets.xcassets in Resources */ = {isa = PBXBuildFile; fileRef = 494941511DD61B01000F7A8E /* Assets.xcassets */; };
		494941551DD61B01000F7A8E /* LaunchScreen.storyboard in Resources */ = {isa = PBXBuildFile; fileRef = 494941531DD61B01000F7A8E /* LaunchScreen.storyboard */; };
		494941601DD61B01000F7A8E /* Pitch_PerfectTests.swift in Sources */ = {isa = PBXBuildFile; fileRef = 4949415F1DD61B01000F7A8E /* Pitch_PerfectTests.swift */; };
		4949416B1DD61B01000F7A8E /* Pitch_PerfectUITests.swift in Sources */ = {isa = PBXBuildFile; fileRef = 4949416A1DD61B01000F7A8E /* Pitch_PerfectUITests.swift */; };
/* End PBXBuildFile section */

/* Begin PBXContainerItemProxy section */
		4949415C1DD61B01000F7A8E /* PBXContainerItemProxy */ = {
			isa = PBXContainerItemProxy;
			containerPortal = 4949413F1DD61B01000F7A8E /* Project object */;
			proxyType = 1;
			remoteGlobalIDString = 494941461DD61B01000F7A8E;
			remoteInfo = "Pitch Perfect";
		};
		494941671DD61B01000F7A8E /* PBXContainerItemProxy */ = {
			isa = PBXContainerItemProxy;
			containerPortal = 4949413F1DD61B01000F7A8E /* Project object */;
			proxyType = 1;
			remoteGlobalIDString = 494941461DD61B01000F7A8E;
			remoteInfo = "Pitch Perfect";
		};
/* End PBXContainerItemProxy section */

/* Begin PBXFileReference section */
		494941471DD61B01000F7A8E /* Pitch Perfect.app */ = {isa = PBXFileReference; explicitFileType = wrapper.application; includeInIndex = 0; path = "Pitch Perfect.app"; sourceTree = BUILT_PRODUCTS_DIR; };
		4949414A1DD61B01000F7A8E /* AppDelegate.swift */ = {isa = PBXFileReference; lastKnownFileType = sourcecode.swift; path = AppDelegate.swift; sourceTree = "<group>"; };
		4949414C1DD61B01000F7A8E /* ViewController.swift */ = {isa = PBXFileReference; lastKnownFileType = sourcecode.swift; path = ViewController.swift; sourceTree = "<group>"; };
		4949414F1DD61B01000F7A8E /* Base */ = {isa = PBXFileReference; lastKnownFileType = file.storyboard; name = Base; path = Base.lproj/Main.storyboard; sourceTree = "<group>"; };
		494941511DD61B01000F7A8E /* Assets.xcassets */ = {isa = PBXFileReference; lastKnownFileType = folder.assetcatalog; path = Assets.xcassets; sourceTree = "<group>"; };
		494941541DD61B01000F7A8E /* Base */ = {isa = PBXFileReference; lastKnownFileType = file.storyboard; name = Base; path = Base.lproj/LaunchScreen.storyboard; sourceTree = "<group>"; };
		494941561DD61B01000F7A8E /* Info.plist */ = {isa = PBXFileReference; lastKnownFileType = text.plist.xml; path = Info.plist; sourceTree = "<group>"; };
		4949415B1DD61B01000F7A8E /* Pitch PerfectTests.xctest */ = {isa = PBXFileReference; explicitFileType = wrapper.cfbundle; includeInIndex = 0; path = "Pitch PerfectTests.xctest"; sourceTree = BUILT_PRODUCTS_DIR; };
		4949415F1DD61B01000F7A8E /* Pitch_PerfectTests.swift */ = {isa = PBXFileReference; lastKnownFileType = sourcecode.swift; path = Pitch_PerfectTests.swift; sourceTree = "<group>"; };
		494941611DD61B01000F7A8E /* Info.plist */ = {isa = PBXFileReference; lastKnownFileType = text.plist.xml; path = Info.plist; sourceTree = "<group>"; };
		494941661DD61B01000F7A8E /* Pitch PerfectUITests.xctest */ = {isa = PBXFileReference; explicitFileType = wrapper.cfbundle; includeInIndex = 0; path = "Pitch PerfectUITests.xctest"; sourceTree = BUILT_PRODUCTS_DIR; };
		4949416A1DD61B01000F7A8E /* Pitch_PerfectUITests.swift */ = {isa = PBXFileReference; lastKnownFileType = sourcecode.swift; path = Pitch_PerfectUITests.swift; sourceTree = "<group>"; };
		4949416C1DD61B01000F7A8E /* Info.plist */ = {isa = PBXFileReference; lastKnownFileType = text.plist.xml; path = Info.plist; sourceTree = "<group>"; };
/* End PBXFileReference section */

/* Begin PBXFrameworksBuildPhase section */
		494941441DD61B01000F7A8E /* Frameworks */ = {
			isa = PBXFrameworksBuildPhase;
			buildActionMask = 2147483647;
			files = (
			);
			runOnlyForDeploymentPostprocessing = 0;
		};
		494941581DD61B01000F7A8E /* Frameworks */ = {
			isa = PBXFrameworksBuildPhase;
			buildActionMask = 2147483647;
			files = (
			);
			runOnlyForDeploymentPostprocessing = 0;
		};
		494941631DD61B01000F7A8E /* Frameworks */ = {
			isa = PBXFrameworksBuildPhase;
			buildActionMask = 2147483647;
			files = (
			);
			runOnlyForDeploymentPostprocessing = 0;
		};
/* End PBXFrameworksBuildPhase section */

/* Begin PBXGroup section */
		4949413E1DD61B01000F7A8E = {
			isa = PBXGroup;
			children = (
				494941491DD61B01000F7A8E /* Pitch Perfect */,
				4949415E1DD61B01000F7A8E /* Pitch PerfectTests */,
				494941691DD61B01000F7A8E /* Pitch PerfectUITests */,
				494941481DD61B01000F7A8E /* Products */,
			);
			sourceTree = "<group>";
		};
		494941481DD61B01000F7A8E /* Products */ = {
			isa = PBXGroup;
			children = (
				494941471DD61B01000F7A8E /* Pitch Perfect.app */,
				4949415B1DD61B01000F7A8E /* Pitch PerfectTests.xctest */,
				494941661DD61B01000F7A8E /* Pitch PerfectUITests.xctest */,
			);
			name = Products;
			sourceTree = "<group>";
		};
		494941491DD61B01000F7A8E /* Pitch Perfect */ = {
			isa = PBXGroup;
			children = (
				4949414A1DD61B01000F7A8E /* AppDelegate.swift */,
				4949414C1DD61B01000F7A8E /* ViewController.swift */,
				4949414E1DD61B01000F7A8E /* Main.storyboard */,
				494941511DD61B01000F7A8E /* Assets.xcassets */,
				494941531DD61B01000F7A8E /* LaunchScreen.storyboard */,
				494941561DD61B01000F7A8E /* Info.plist */,
			);
			path = "Pitch Perfect";
			sourceTree = "<group>";
		};
		4949415E1DD61B01000F7A8E /* Pitch PerfectTests */ = {
			isa = PBXGroup;
			children = (
				4949415F1DD61B01000F7A8E /* Pitch_PerfectTests.swift */,
				494941611DD61B01000F7A8E /* Info.plist */,
			);
			path = "Pitch PerfectTests";
			sourceTree = "<group>";
		};
		494941691DD61B01000F7A8E /* Pitch PerfectUITests */ = {
			isa = PBXGroup;
			children = (
				4949416A1DD61B01000F7A8E /* Pitch_PerfectUITests.swift */,
				4949416C1DD61B01000F7A8E /* Info.plist */,
			);
			path = "Pitch PerfectUITests";
			sourceTree = "<group>";
		};
/* End PBXGroup section */

/* Begin PBXNativeTarget section */
		494941461DD61B01000F7A8E /* Pitch Perfect */ = {
			isa = PBXNativeTarget;
			buildConfigurationList = 4949416F1DD61B01000F7A8E /* Build configuration list for PBXNativeTarget "Pitch Perfect" */;
			buildPhases = (
				494941431DD61B01000F7A8E /* Sources */,
				494941441DD61B01000F7A8E /* Frameworks */,
				494941451DD61B01000F7A8E /* Resources */,
			);
			buildRules = (
			);
			dependencies = (
			);
			name = "Pitch Perfect";
			productName = "Pitch Perfect";
			productReference = 494941471DD61B01000F7A8E /* Pitch Perfect.app */;
			productType = "com.apple.product-type.application";
		};
		4949415A1DD61B01000F7A8E /* Pitch PerfectTests */ = {
			isa = PBXNativeTarget;
			buildConfigurationList = 494941721DD61B01000F7A8E /* Build configuration list for PBXNativeTarget "Pitch PerfectTests" */;
			buildPhases = (
				494941571DD61B01000F7A8E /* Sources */,
				494941581DD61B01000F7A8E /* Frameworks */,
				494941591DD61B01000F7A8E /* Resources */,
			);
			buildRules = (
			);
			dependencies = (
				4949415D1DD61B01000F7A8E /* PBXTargetDependency */,
			);
			name = "Pitch PerfectTests";
			productName = "Pitch PerfectTests";
			productReference = 4949415B1DD61B01000F7A8E /* Pitch PerfectTests.xctest */;
			productType = "com.apple.product-type.bundle.unit-test";
		};
		494941651DD61B01000F7A8E /* Pitch PerfectUITests */ = {
			isa = PBXNativeTarget;
			buildConfigurationList = 494941751DD61B01000F7A8E /* Build configuration list for PBXNativeTarget "Pitch PerfectUITests" */;
			buildPhases = (
				494941621DD61B01000F7A8E /* Sources */,
				494941631DD61B01000F7A8E /* Frameworks */,
				494941641DD61B01000F7A8E /* Resources */,
			);
			buildRules = (
			);
			dependencies = (
				494941681DD61B01000F7A8E /* PBXTargetDependency */,
			);
			name = "Pitch PerfectUITests";
			productName = "Pitch PerfectUITests";
			productReference = 494941661DD61B01000F7A8E /* Pitch PerfectUITests.xctest */;
			productType = "com.apple.product-type.bundle.ui-testing";
		};
/* End PBXNativeTarget section */

/* Begin PBXProject section */
		4949413F1DD61B01000F7A8E /* Project object */ = {
			isa = PBXProject;
			attributes = {
				LastSwiftUpdateCheck = 0810;
				LastUpgradeCheck = 0810;
				ORGANIZATIONNAME = "Timofti, Dmitri";
				TargetAttributes = {
					494941461DD61B01000F7A8E = {
						CreatedOnToolsVersion = 8.1;
						ProvisioningStyle = Automatic;
					};
					4949415A1DD61B01000F7A8E = {
						CreatedOnToolsVersion = 8.1;
						ProvisioningStyle = Automatic;
						TestTargetID = 494941461DD61B01000F7A8E;
					};
					494941651DD61B01000F7A8E = {
						CreatedOnToolsVersion = 8.1;
						ProvisioningStyle = Automatic;
						TestTargetID = 494941461DD61B01000F7A8E;
					};
				};
			};
			buildConfigurationList = 494941421DD61B01000F7A8E /* Build configuration list for PBXProject "Pitch Perfect" */;
			compatibilityVersion = "Xcode 3.2";
			developmentRegion = English;
			hasScannedForEncodings = 0;
			knownRegions = (
				en,
				Base,
			);
			mainGroup = 4949413E1DD61B01000F7A8E;
			productRefGroup = 494941481DD61B01000F7A8E /* Products */;
			projectDirPath = "";
			projectRoot = "";
			targets = (
				494941461DD61B01000F7A8E /* Pitch Perfect */,
				4949415A1DD61B01000F7A8E /* Pitch PerfectTests */,
				494941651DD61B01000F7A8E /* Pitch PerfectUITests */,
			);
		};
/* End PBXProject section */

/* Begin PBXResourcesBuildPhase section */
		494941451DD61B01000F7A8E /* Resources */ = {
			isa = PBXResourcesBuildPhase;
			buildActionMask = 2147483647;
			files = (
				494941551DD61B01000F7A8E /* LaunchScreen.storyboard in Resources */,
				494941521DD61B01000F7A8E /* Assets.xcassets in Resources */,
				494941501DD61B01000F7A8E /* Main.storyboard in Resources */,
			);
			runOnlyForDeploymentPostprocessing = 0;
		};
		494941591DD61B01000F7A8E /* Resources */ = {
			isa = PBXResourcesBuildPhase;
			buildActionMask = 2147483647;
			files = (
			);
			runOnlyForDeploymentPostprocessing = 0;
		};
		494941641DD61B01000F7A8E /* Resources */ = {
			isa = PBXResourcesBuildPhase;
			buildActionMask = 2147483647;
			files = (
			);
			runOnlyForDeploymentPostprocessing = 0;
		};
/* End PBXResourcesBuildPhase section */

/* Begin PBXSourcesBuildPhase section */
		494941431DD61B01000F7A8E /* Sources */ = {
			isa = PBXSourcesBuildPhase;
			buildActionMask = 2147483647;
			files = (
				4949414D1DD61B01000F7A8E /* ViewController.swift in Sources */,
				4949414B1DD61B01000F7A8E /* AppDelegate.swift in Sources */,
			);
			runOnlyForDeploymentPostprocessing = 0;
		};
		494941571DD61B01000F7A8E /* Sources */ = {
			isa = PBXSourcesBuildPhase;
			buildActionMask = 2147483647;
			files = (
				494941601DD61B01000F7A8E /* Pitch_PerfectTests.swift in Sources */,
			);
			runOnlyForDeploymentPostprocessing = 0;
		};
		494941621DD61B01000F7A8E /* Sources */ = {
			isa = PBXSourcesBuildPhase;
			buildActionMask = 2147483647;
			files = (
				4949416B1DD61B01000F7A8E /* Pitch_PerfectUITests.swift in Sources */,
			);
			runOnlyForDeploymentPostprocessing = 0;
		};
/* End PBXSourcesBuildPhase section */

/* Begin PBXTargetDependency section */
		4949415D1DD61B01000F7A8E /* PBXTargetDependency */ = {
			isa = PBXTargetDependency;
			target = 494941461DD61B01000F7A8E /* Pitch Perfect */;
			targetProxy = 4949415C1DD61B01000F7A8E /* PBXContainerItemProxy */;
		};
		494941681DD61B01000F7A8E /* PBXTargetDependency */ = {
			isa = PBXTargetDependency;
			target = 494941461DD61B01000F7A8E /* Pitch Perfect */;
			targetProxy = 494941671DD61B01000F7A8E /* PBXContainerItemProxy */;
		};
/* End PBXTargetDependency section */

/* Begin PBXVariantGroup section */
		4949414E1DD61B01000F7A8E /* Main.storyboard */ = {
			isa = PBXVariantGroup;
			children = (
				4949414F1DD61B01000F7A8E /* Base */,
			);
			name = Main.storyboard;
			sourceTree = "<group>";
		};
		494941531DD61B01000F7A8E /* LaunchScreen.storyboard */ = {
			isa = PBXVariantGroup;
			children = (
				494941541DD61B01000F7A8E /* Base */,
			);
			name = LaunchScreen.storyboard;
			sourceTree = "<group>";
		};
/* End PBXVariantGroup section */

/* Begin XCBuildConfiguration section */
		4949416D1DD61B01000F7A8E /* Debug */ = {
			isa = XCBuildConfiguration;
			buildSettings = {
				ALWAYS_SEARCH_USER_PATHS = NO;
				CLANG_ANALYZER_NONNULL = YES;
				CLANG_CXX_LANGUAGE_STANDARD = "gnu++0x";
				CLANG_CXX_LIBRARY = "libc++";
				CLANG_ENABLE_MODULES = YES;
				CLANG_ENABLE_OBJC_ARC = YES;
				CLANG_WARN_BOOL_CONVERSION = YES;
				CLANG_WARN_CONSTANT_CONVERSION = YES;
				CLANG_WARN_DIRECT_OBJC_ISA_USAGE = YES_ERROR;
				CLANG_WARN_DOCUMENTATION_COMMENTS = YES;
				CLANG_WARN_EMPTY_BODY = YES;
				CLANG_WARN_ENUM_CONVERSION = YES;
				CLANG_WARN_INFINITE_RECURSION = YES;
				CLANG_WARN_INT_CONVERSION = YES;
				CLANG_WARN_OBJC_ROOT_CLASS = YES_ERROR;
				CLANG_WARN_SUSPICIOUS_MOVES = YES;
				CLANG_WARN_UNREACHABLE_CODE = YES;
				CLANG_WARN__DUPLICATE_METHOD_MATCH = YES;
				"CODE_SIGN_IDENTITY[sdk=iphoneos*]" = "iPhone Developer";
				COPY_PHASE_STRIP = NO;
				DEBUG_INFORMATION_FORMAT = dwarf;
				ENABLE_STRICT_OBJC_MSGSEND = YES;
				ENABLE_TESTABILITY = YES;
				GCC_C_LANGUAGE_STANDARD = gnu99;
				GCC_DYNAMIC_NO_PIC = NO;
				GCC_NO_COMMON_BLOCKS = YES;
				GCC_OPTIMIZATION_LEVEL = 0;
				GCC_PREPROCESSOR_DEFINITIONS = (
					"DEBUG=1",
					"$(inherited)",
				);
				GCC_WARN_64_TO_32_BIT_CONVERSION = YES;
				GCC_WARN_ABOUT_RETURN_TYPE = YES_ERROR;
				GCC_WARN_UNDECLARED_SELECTOR = YES;
				GCC_WARN_UNINITIALIZED_AUTOS = YES_AGGRESSIVE;
				GCC_WARN_UNUSED_FUNCTION = YES;
				GCC_WARN_UNUSED_VARIABLE = YES;
				IPHONEOS_DEPLOYMENT_TARGET = 10.1;
				MTL_ENABLE_DEBUG_INFO = YES;
				ONLY_ACTIVE_ARCH = YES;
				SDKROOT = iphoneos;
				SWIFT_ACTIVE_COMPILATION_CONDITIONS = DEBUG;
				SWIFT_OPTIMIZATION_LEVEL = "-Onone";
				TARGETED_DEVICE_FAMILY = "1,2";
			};
			name = Debug;
		};
		4949416E1DD61B01000F7A8E /* Release */ = {
			isa = XCBuildConfiguration;
			buildSettings = {
				ALWAYS_SEARCH_USER_PATHS = NO;
				CLANG_ANALYZER_NONNULL = YES;
				CLANG_CXX_LANGUAGE_STANDARD = "gnu++0x";
				CLANG_CXX_LIBRARY = "libc++";
				CLANG_ENABLE_MODULES = YES;
				CLANG_ENABLE_OBJC_ARC = YES;
				CLANG_WARN_BOOL_CONVERSION = YES;
				CLANG_WARN_CONSTANT_CONVERSION = YES;
				CLANG_WARN_DIRECT_OBJC_ISA_USAGE = YES_ERROR;
				CLANG_WARN_DOCUMENTATION_COMMENTS = YES;
				CLANG_WARN_EMPTY_BODY = YES;
				CLANG_WARN_ENUM_CONVERSION = YES;
				CLANG_WARN_INFINITE_RECURSION = YES;
				CLANG_WARN_INT_CONVERSION = YES;
				CLANG_WARN_OBJC_ROOT_CLASS = YES_ERROR;
				CLANG_WARN_SUSPICIOUS_MOVES = YES;
				CLANG_WARN_UNREACHABLE_CODE = YES;
				CLANG_WARN__DUPLICATE_METHOD_MATCH = YES;
				"CODE_SIGN_IDENTITY[sdk=iphoneos*]" = "iPhone Developer";
				COPY_PHASE_STRIP = NO;
				DEBUG_INFORMATION_FORMAT = "dwarf-with-dsym";
				ENABLE_NS_ASSERTIONS = NO;
				ENABLE_STRICT_OBJC_MSGSEND = YES;
				GCC_C_LANGUAGE_STANDARD = gnu99;
				GCC_NO_COMMON_BLOCKS = YES;
				GCC_WARN_64_TO_32_BIT_CONVERSION = YES;
				GCC_WARN_ABOUT_RETURN_TYPE = YES_ERROR;
				GCC_WARN_UNDECLARED_SELECTOR = YES;
				GCC_WARN_UNINITIALIZED_AUTOS = YES_AGGRESSIVE;
				GCC_WARN_UNUSED_FUNCTION = YES;
				GCC_WARN_UNUSED_VARIABLE = YES;
				IPHONEOS_DEPLOYMENT_TARGET = 10.1;
				MTL_ENABLE_DEBUG_INFO = NO;
				SDKROOT = iphoneos;
				SWIFT_OPTIMIZATION_LEVEL = "-Owholemodule";
				TARGETED_DEVICE_FAMILY = "1,2";
				VALIDATE_PRODUCT = YES;
			};
			name = Release;
		};
		494941701DD61B01000F7A8E /* Debug */ = {
			isa = XCBuildConfiguration;
			buildSettings = {
				ASSETCATALOG_COMPILER_APPICON_NAME = AppIcon;
				INFOPLIST_FILE = "Pitch Perfect/Info.plist";
				LD_RUNPATH_SEARCH_PATHS = "$(inherited) @executable_path/Frameworks";
				PRODUCT_BUNDLE_IDENTIFIER = "com.amazon.Pitch-Perfect";
				PRODUCT_NAME = "$(TARGET_NAME)";
				SWIFT_VERSION = 3.0;
			};
			name = Debug;
		};
		494941711DD61B01000F7A8E /* Release */ = {
			isa = XCBuildConfiguration;
			buildSettings = {
				ASSETCATALOG_COMPILER_APPICON_NAME = AppIcon;
				INFOPLIST_FILE = "Pitch Perfect/Info.plist";
				LD_RUNPATH_SEARCH_PATHS = "$(inherited) @executable_path/Frameworks";
				PRODUCT_BUNDLE_IDENTIFIER = "com.amazon.Pitch-Perfect";
				PRODUCT_NAME = "$(TARGET_NAME)";
				SWIFT_VERSION = 3.0;
			};
			name = Release;
		};
		494941731DD61B01000F7A8E /* Debug */ = {
			isa = XCBuildConfiguration;
			buildSettings = {
				ALWAYS_EMBED_SWIFT_STANDARD_LIBRARIES = YES;
				BUNDLE_LOADER = "$(TEST_HOST)";
				INFOPLIST_FILE = "Pitch PerfectTests/Info.plist";
				LD_RUNPATH_SEARCH_PATHS = "$(inherited) @executable_path/Frameworks @loader_path/Frameworks";
				PRODUCT_BUNDLE_IDENTIFIER = "com.amazon.Pitch-PerfectTests";
				PRODUCT_NAME = "$(TARGET_NAME)";
				SWIFT_VERSION = 3.0;
				TEST_HOST = "$(BUILT_PRODUCTS_DIR)/Pitch Perfect.app/Pitch Perfect";
			};
			name = Debug;
		};
		494941741DD61B01000F7A8E /* Release */ = {
			isa = XCBuildConfiguration;
			buildSettings = {
				ALWAYS_EMBED_SWIFT_STANDARD_LIBRARIES = YES;
				BUNDLE_LOADER = "$(TEST_HOST)";
				INFOPLIST_FILE = "Pitch PerfectTests/Info.plist";
				LD_RUNPATH_SEARCH_PATHS = "$(inherited) @executable_path/Frameworks @loader_path/Frameworks";
				PRODUCT_BUNDLE_IDENTIFIER = "com.amazon.Pitch-PerfectTests";
				PRODUCT_NAME = "$(TARGET_NAME)";
				SWIFT_VERSION = 3.0;
				TEST_HOST = "$(BUILT_PRODUCTS_DIR)/Pitch Perfect.app/Pitch Perfect";
			};
			name = Release;
		};
		494941761DD61B01000F7A8E /* Debug */ = {
			isa = XCBuildConfiguration;
			buildSettings = {
				ALWAYS_EMBED_SWIFT_STANDARD_LIBRARIES = YES;
				INFOPLIST_FILE = "Pitch PerfectUITests/Info.plist";
				LD_RUNPATH_SEARCH_PATHS = "$(inherited) @executable_path/Frameworks @loader_path/Frameworks";
				PRODUCT_BUNDLE_IDENTIFIER = "com.amazon.Pitch-PerfectUITests";
				PRODUCT_NAME = "$(TARGET_NAME)";
				SWIFT_VERSION = 3.0;
				TEST_TARGET_NAME = "Pitch Perfect";
			};
			name = Debug;
		};
		494941771DD61B01000F7A8E /* Release */ = {
			isa = XCBuildConfiguration;
			buildSettings = {
				ALWAYS_EMBED_SWIFT_STANDARD_LIBRARIES = YES;
				INFOPLIST_FILE = "Pitch PerfectUITests/Info.plist";
				LD_RUNPATH_SEARCH_PATHS = "$(inherited) @executable_path/Frameworks @loader_path/Frameworks";
				PRODUCT_BUNDLE_IDENTIFIER = "com.amazon.Pitch-PerfectUITests";
				PRODUCT_NAME = "$(TARGET_NAME)";
				SWIFT_VERSION = 3.0;
				TEST_TARGET_NAME = "Pitch Perfect";
			};
			name = Release;
		};
/* End XCBuildConfiguration section */

/* Begin XCConfigurationList section */
		494941421DD61B01000F7A8E /* Build configuration list for PBXProject "Pitch Perfect" */ = {
			isa = XCConfigurationList;
			buildConfigurations = (
				4949416D1DD61B01000F7A8E /* Debug */,
				4949416E1DD61B01000F7A8E /* Release */,
			);
			defaultConfigurationIsVisible = 0;
			defaultConfigurationName = Release;
		};
		4949416F1DD61B01000F7A8E /* Build configuration list for PBXNativeTarget "Pitch Perfect" */ = {
			isa = XCConfigurationList;
			buildConfigurations = (
				494941701DD61B01000F7A8E /* Debug */,
				494941711DD61B01000F7A8E /* Release */,
			);
			defaultConfigurationIsVisible = 0;
		};
		494941721DD61B01000F7A8E /* Build configuration list for PBXNativeTarget "Pitch PerfectTests" */ = {
			isa = XCConfigurationList;
			buildConfigurations = (
				494941731DD61B01000F7A8E /* Debug */,
				494941741DD61B01000F7A8E /* Release */,
			);
			defaultConfigurationIsVisible = 0;
		};
		494941751DD61B01000F7A8E /* Build configuration list for PBXNativeTarget "Pitch PerfectUITests" */ = {
			isa = XCConfigurationList;
			buildConfigurations = (
				494941761DD61B01000F7A8E /* Debug */,
				494941771DD61B01000F7A8E /* Release */,
			);
			defaultConfigurationIsVisible = 0;
		};
/* End XCConfigurationList section */
	};
	rootObject = 4949413F1DD61B01000F7A8E /* Project object */;
}
